Microsoft Visual Studio Solution File, Format Version 12.00
# Visual Studio 2012
Project("{FAE04EC0-301F-11D3-BF4B-00C04F79EFBC}") = "52CardsTutorials", "52CardsTutorials.csproj", "{186053C7-E867-4057-8FD1-C23948EF124B}"
EndProject
Global
	GlobalSection(SolutionConfigurationPlatforms) = preSolution
	Debug|Any CPU = Debug|Any CPU
	ExportDebug|Any CPU = ExportDebug|Any CPU
	ExportRelease|Any CPU = ExportRelease|Any CPU
	EndGlobalSection
	GlobalSection(ProjectConfigurationPlatforms) = postSolution
		{186053C7-E867-4057-8FD1-C23948EF124B}.Debug|Any CPU.ActiveCfg = Debug|Any CPU
		{186053C7-E867-4057-8FD1-C23948EF124B}.Debug|Any CPU.Build.0 = Debug|Any CPU
		{186053C7-E867-4057-8FD1-C23948EF124B}.ExportDebug|Any CPU.ActiveCfg = ExportDebug|Any CPU
		{186053C7-E867-4057-8FD1-C23948EF124B}.ExportDebug|Any CPU.Build.0 = ExportDebug|Any CPU
		{186053C7-E867-4057-8FD1-C23948EF124B}.ExportRelease|Any CPU.ActiveCfg = ExportRelease|Any CPU
		{186053C7-E867-4057-8FD1-C23948EF124B}.ExportRelease|Any CPU.Build.0 = ExportRelease|Any CPU
	EndGlobalSection
EndGlobal
